
Microsoft Visual Studio Solution File, Format Version 12.00
# Visual Studio Version 17
VisualStudioVersion = 17.11.35431.28
MinimumVisualStudioVersion = 10.0.40219.1
Project("{9A19103F-16F7-4668-BE54-9A1E7A4F7556}") = "ChessLogic", "ChessLogic\ChessLogic.csproj", "{0378BED6-1DB9-492B-81B9-0E91FEDE93A9}"
EndProject
Project("{9A19103F-16F7-4668-BE54-9A1E7A4F7556}") = "ChessUI", "ChessUI\ChessUI.csproj", "{BC42359F-A0D8-4B81-B851-F30DB8048033}"
EndProject
Project("{2150E333-8FDC-42A3-9474-1A3956D46DE8}") = "Solution Items", "Solution Items", "{6E130F82-0903-4EBE-A823-9DD5A1463D32}"
	ProjectSection(SolutionItems) = preProject
		instruction.md = instruction.md
	EndProjectSection
EndProject
Project("{FAE04EC0-301F-11D3-BF4B-00C04F79EFBC}") = "ChessAI", "ChessAI\ChessAI.csproj", "{D5927F65-E643-4F39-BF44-2CA8AF21470F}"
EndProject
Global
	GlobalSection(SolutionConfigurationPlatforms) = preSolution
		Debug|Any CPU = Debug|Any CPU
		Release|Any CPU = Release|Any CPU
	EndGlobalSection
	GlobalSection(ProjectConfigurationPlatforms) = postSolution
		{0378BED6-1DB9-492B-81B9-0E91FEDE93A9}.Debug|Any CPU.ActiveCfg = Debug|Any CPU
		{0378BED6-1DB9-492B-81B9-0E91FEDE93A9}.Debug|Any CPU.Build.0 = Debug|Any CPU
		{0378BED6-1DB9-492B-81B9-0E91FEDE93A9}.Release|Any CPU.ActiveCfg = Release|Any CPU
		{0378BED6-1DB9-492B-81B9-0E91FEDE93A9}.Release|Any CPU.Build.0 = Release|Any CPU
		{BC42359F-A0D8-4B81-B851-F30DB8048033}.Debug|Any CPU.ActiveCfg = Debug|Any CPU
		{BC42359F-A0D8-4B81-B851-F30DB8048033}.Debug|Any CPU.Build.0 = Debug|Any CPU
		{BC42359F-A0D8-4B81-B851-F30DB8048033}.Release|Any CPU.ActiveCfg = Release|Any CPU
		{BC42359F-A0D8-4B81-B851-F30DB8048033}.Release|Any CPU.Build.0 = Release|Any CPU
		{D5927F65-E643-4F39-BF44-2CA8AF21470F}.Debug|Any CPU.ActiveCfg = Debug|Any CPU
		{D5927F65-E643-4F39-BF44-2CA8AF21470F}.Debug|Any CPU.Build.0 = Debug|Any CPU
		{D5927F65-E643-4F39-BF44-2CA8AF21470F}.Release|Any CPU.ActiveCfg = Release|Any CPU
		{D5927F65-E643-4F39-BF44-2CA8AF21470F}.Release|Any CPU.Build.0 = Release|Any CPU
	EndGlobalSection
	GlobalSection(SolutionProperties) = preSolution
		HideSolutionNode = FALSE
	EndGlobalSection
	GlobalSection(ExtensibilityGlobals) = postSolution
		SolutionGuid = {E88B24EC-FD51-4A89-BAD2-593EC0093B87}
	EndGlobalSection
EndGlobal
