
Microsoft Visual Studio Solution File, Format Version 12.00
# Visual Studio Version 17
VisualStudioVersion = 17.8.34601.278
MinimumVisualStudioVersion = 10.0.40219.1
Project("{FAE04EC0-301F-11D3-BF4B-00C04F79EFBC}") = "Login", "Login\Login.csproj", "{71BC4F36-F51C-4DCC-A729-6C5E171BA04E}"
EndProject
Project("{FAE04EC0-301F-11D3-BF4B-00C04F79EFBC}") = "Dashboard", "Dashboard\Dashboard.csproj", "{7C4DEB4F-F9C3-448B-8319-EA1C47092BF6}"
EndProject
Global
	GlobalSection(SolutionConfigurationPlatforms) = preSolution
		Debug|Any CPU = Debug|Any CPU
		Release|Any CPU = Release|Any CPU
	EndGlobalSection
	GlobalSection(ProjectConfigurationPlatforms) = postSolution
		{71BC4F36-F51C-4DCC-A729-6C5E171BA04E}.Debug|Any CPU.ActiveCfg = Debug|Any CPU
		{71BC4F36-F51C-4DCC-A729-6C5E171BA04E}.Debug|Any CPU.Build.0 = Debug|Any CPU
		{71BC4F36-F51C-4DCC-A729-6C5E171BA04E}.Release|Any CPU.ActiveCfg = Release|Any CPU
		{71BC4F36-F51C-4DCC-A729-6C5E171BA04E}.Release|Any CPU.Build.0 = Release|Any CPU
		{7C4DEB4F-F9C3-448B-8319-EA1C47092BF6}.Debug|Any CPU.ActiveCfg = Debug|Any CPU
		{7C4DEB4F-F9C3-448B-8319-EA1C47092BF6}.Debug|Any CPU.Build.0 = Debug|Any CPU
		{7C4DEB4F-F9C3-448B-8319-EA1C47092BF6}.Release|Any CPU.ActiveCfg = Release|Any CPU
		{7C4DEB4F-F9C3-448B-8319-EA1C47092BF6}.Release|Any CPU.Build.0 = Release|Any CPU
	EndGlobalSection
	GlobalSection(SolutionProperties) = preSolution
		HideSolutionNode = FALSE
	EndGlobalSection
	GlobalSection(ExtensibilityGlobals) = postSolution
		SolutionGuid = {C75B9865-0F41-467F-BD4B-4DD07A96CAF3}
	EndGlobalSection
EndGlobal
