
Microsoft Visual Studio Solution File, Format Version 12.00
# Visual Studio Version 17
VisualStudioVersion = 17.8.34601.278
MinimumVisualStudioVersion = 10.0.40219.1
Project("{FAE04EC0-301F-11D3-BF4B-00C04F79EFBC}") = "TabControl", "TabControl\TabControl.csproj", "{0B5DE2F4-4BFF-465E-A256-CAD6DB258AA2}"
EndProject
Project("{FAE04EC0-301F-11D3-BF4B-00C04F79EFBC}") = "Flat Sales Dashboard", "Flat Sales Dashboard\Flat Sales Dashboard.csproj", "{C670485A-77F2-48F0-8AD6-601AEE20F75A}"
EndProject
Project("{FAE04EC0-301F-11D3-BF4B-00C04F79EFBC}") = "Design TV", "Design TV\Design TV.csproj", "{6D599E0A-6E24-4C21-92AE-BEB344EC51D0}"
EndProject
Project("{FAE04EC0-301F-11D3-BF4B-00C04F79EFBC}") = "Music Player", "Music Player\Music Player.csproj", "{37C78C11-3998-40F4-8772-1C90E2772ED3}"
EndProject
Project("{FAE04EC0-301F-11D3-BF4B-00C04F79EFBC}") = "Wallet Payment", "Wallet Payment\Wallet Payment.csproj", "{BA44749F-D616-40A7-9496-E504175EA730}"
EndProject
Project("{FAE04EC0-301F-11D3-BF4B-00C04F79EFBC}") = "Info Dashboard", "Info Dashboard\Info Dashboard.csproj", "{F6B8749B-A51E-44AB-B4C1-3D2BD6A27EF5}"
EndProject
Project("{FAE04EC0-301F-11D3-BF4B-00C04F79EFBC}") = "Calendar App", "Calendar App\Calendar App.csproj", "{5A122F17-E351-4376-8030-32028A7D9D2E}"
EndProject
Project("{FAE04EC0-301F-11D3-BF4B-00C04F79EFBC}") = "Instagram App", "Instagram App\Instagram App.csproj", "{767823F1-CF45-4C21-9D0B-A792F7723708}"
EndProject
Project("{FAE04EC0-301F-11D3-BF4B-00C04F79EFBC}") = "Weather App", "Weather App\Weather App.csproj", "{358B71E1-7664-4820-B7D9-7A5840351497}"
EndProject
Project("{FAE04EC0-301F-11D3-BF4B-00C04F79EFBC}") = "Smart Home", "Smart Home\Smart Home.csproj", "{4A9843E5-97C2-4B86-A00A-8F1CAA6D481A}"
EndProject
Global
	GlobalSection(SolutionConfigurationPlatforms) = preSolution
		Debug|Any CPU = Debug|Any CPU
		Release|Any CPU = Release|Any CPU
	EndGlobalSection
	GlobalSection(ProjectConfigurationPlatforms) = postSolution
		{0B5DE2F4-4BFF-465E-A256-CAD6DB258AA2}.Debug|Any CPU.ActiveCfg = Debug|Any CPU
		{0B5DE2F4-4BFF-465E-A256-CAD6DB258AA2}.Debug|Any CPU.Build.0 = Debug|Any CPU
		{0B5DE2F4-4BFF-465E-A256-CAD6DB258AA2}.Release|Any CPU.ActiveCfg = Release|Any CPU
		{0B5DE2F4-4BFF-465E-A256-CAD6DB258AA2}.Release|Any CPU.Build.0 = Release|Any CPU
		{C670485A-77F2-48F0-8AD6-601AEE20F75A}.Debug|Any CPU.ActiveCfg = Debug|Any CPU
		{C670485A-77F2-48F0-8AD6-601AEE20F75A}.Debug|Any CPU.Build.0 = Debug|Any CPU
		{C670485A-77F2-48F0-8AD6-601AEE20F75A}.Release|Any CPU.ActiveCfg = Release|Any CPU
		{C670485A-77F2-48F0-8AD6-601AEE20F75A}.Release|Any CPU.Build.0 = Release|Any CPU
		{6D599E0A-6E24-4C21-92AE-BEB344EC51D0}.Debug|Any CPU.ActiveCfg = Debug|Any CPU
		{6D599E0A-6E24-4C21-92AE-BEB344EC51D0}.Debug|Any CPU.Build.0 = Debug|Any CPU
		{6D599E0A-6E24-4C21-92AE-BEB344EC51D0}.Release|Any CPU.ActiveCfg = Release|Any CPU
		{6D599E0A-6E24-4C21-92AE-BEB344EC51D0}.Release|Any CPU.Build.0 = Release|Any CPU
		{37C78C11-3998-40F4-8772-1C90E2772ED3}.Debug|Any CPU.ActiveCfg = Debug|Any CPU
		{37C78C11-3998-40F4-8772-1C90E2772ED3}.Debug|Any CPU.Build.0 = Debug|Any CPU
		{37C78C11-3998-40F4-8772-1C90E2772ED3}.Release|Any CPU.ActiveCfg = Release|Any CPU
		{37C78C11-3998-40F4-8772-1C90E2772ED3}.Release|Any CPU.Build.0 = Release|Any CPU
		{BA44749F-D616-40A7-9496-E504175EA730}.Debug|Any CPU.ActiveCfg = Debug|Any CPU
		{BA44749F-D616-40A7-9496-E504175EA730}.Debug|Any CPU.Build.0 = Debug|Any CPU
		{BA44749F-D616-40A7-9496-E504175EA730}.Release|Any CPU.ActiveCfg = Release|Any CPU
		{BA44749F-D616-40A7-9496-E504175EA730}.Release|Any CPU.Build.0 = Release|Any CPU
		{F6B8749B-A51E-44AB-B4C1-3D2BD6A27EF5}.Debug|Any CPU.ActiveCfg = Debug|Any CPU
		{F6B8749B-A51E-44AB-B4C1-3D2BD6A27EF5}.Debug|Any CPU.Build.0 = Debug|Any CPU
		{F6B8749B-A51E-44AB-B4C1-3D2BD6A27EF5}.Release|Any CPU.ActiveCfg = Release|Any CPU
		{F6B8749B-A51E-44AB-B4C1-3D2BD6A27EF5}.Release|Any CPU.Build.0 = Release|Any CPU
		{5A122F17-E351-4376-8030-32028A7D9D2E}.Debug|Any CPU.ActiveCfg = Debug|Any CPU
		{5A122F17-E351-4376-8030-32028A7D9D2E}.Debug|Any CPU.Build.0 = Debug|Any CPU
		{5A122F17-E351-4376-8030-32028A7D9D2E}.Release|Any CPU.ActiveCfg = Release|Any CPU
		{5A122F17-E351-4376-8030-32028A7D9D2E}.Release|Any CPU.Build.0 = Release|Any CPU
		{767823F1-CF45-4C21-9D0B-A792F7723708}.Debug|Any CPU.ActiveCfg = Debug|Any CPU
		{767823F1-CF45-4C21-9D0B-A792F7723708}.Debug|Any CPU.Build.0 = Debug|Any CPU
		{767823F1-CF45-4C21-9D0B-A792F7723708}.Release|Any CPU.ActiveCfg = Release|Any CPU
		{767823F1-CF45-4C21-9D0B-A792F7723708}.Release|Any CPU.Build.0 = Release|Any CPU
		{358B71E1-7664-4820-B7D9-7A5840351497}.Debug|Any CPU.ActiveCfg = Debug|Any CPU
		{358B71E1-7664-4820-B7D9-7A5840351497}.Debug|Any CPU.Build.0 = Debug|Any CPU
		{358B71E1-7664-4820-B7D9-7A5840351497}.Release|Any CPU.ActiveCfg = Release|Any CPU
		{358B71E1-7664-4820-B7D9-7A5840351497}.Release|Any CPU.Build.0 = Release|Any CPU
		{4A9843E5-97C2-4B86-A00A-8F1CAA6D481A}.Debug|Any CPU.ActiveCfg = Debug|Any CPU
		{4A9843E5-97C2-4B86-A00A-8F1CAA6D481A}.Debug|Any CPU.Build.0 = Debug|Any CPU
		{4A9843E5-97C2-4B86-A00A-8F1CAA6D481A}.Release|Any CPU.ActiveCfg = Release|Any CPU
		{4A9843E5-97C2-4B86-A00A-8F1CAA6D481A}.Release|Any CPU.Build.0 = Release|Any CPU
	EndGlobalSection
	GlobalSection(SolutionProperties) = preSolution
		HideSolutionNode = FALSE
	EndGlobalSection
	GlobalSection(ExtensibilityGlobals) = postSolution
		SolutionGuid = {C75B9865-0F41-467F-BD4B-4DD07A96CAF3}
	EndGlobalSection
EndGlobal
