
Microsoft Visual Studio Solution File, Format Version 12.00
# Visual Studio Version 17
VisualStudioVersion = 17.11.35431.28
MinimumVisualStudioVersion = 10.0.40219.1
Project("{FAE04EC0-301F-11D3-BF4B-00C04F79EFBC}") = "Chess 2.0", "Chess 2.0.csproj", "{1FD5EC82-C109-46F2-A382-417285452E24}"
EndProject
Global
	GlobalSection(SolutionConfigurationPlatforms) = preSolution
		Debug|Any CPU = Debug|Any CPU
		Release|Any CPU = Release|Any CPU
	EndGlobalSection
	GlobalSection(ProjectConfigurationPlatforms) = postSolution
		{1FD5EC82-C109-46F2-A382-417285452E24}.Debug|Any CPU.ActiveCfg = Debug|Any CPU
		{1FD5EC82-C109-46F2-A382-417285452E24}.Debug|Any CPU.Build.0 = Debug|Any CPU
		{1FD5EC82-C109-46F2-A382-417285452E24}.Release|Any CPU.ActiveCfg = Release|Any CPU
		{1FD5EC82-C109-46F2-A382-417285452E24}.Release|Any CPU.Build.0 = Release|Any CPU
	EndGlobalSection
	GlobalSection(SolutionProperties) = preSolution
		HideSolutionNode = FALSE
	EndGlobalSection
	GlobalSection(ExtensibilityGlobals) = postSolution
		SolutionGuid = {D4FE46B0-9402-4FD8-AC9C-85FA01396D6B}
	EndGlobalSection
EndGlobal
